
Microsoft Visual Studio Solution File, Format Version 12.00
# Visual Studio Version 16
VisualStudioVersion = 16.0.32228.343
MinimumVisualStudioVersion = 10.0.40219.1
Project("{FAE04EC0-301F-11D3-BF4B-00C04F79EFBC}") = "OrdersHandling", "OrdersHandling\OrdersHandling.csproj", "{1D61C1A1-1B84-4BC4-A16A-08D45A8CCE44}"
EndProject
Global
	GlobalSection(SolutionConfigurationPlatforms) = preSolution
		Debug|Any CPU = Debug|Any CPU
		Release|Any CPU = Release|Any CPU
	EndGlobalSection
	GlobalSection(ProjectConfigurationPlatforms) = postSolution
		{1D61C1A1-1B84-4BC4-A16A-08D45A8CCE44}.Debug|Any CPU.ActiveCfg = Debug|Any CPU
		{1D61C1A1-1B84-4BC4-A16A-08D45A8CCE44}.Debug|Any CPU.Build.0 = Debug|Any CPU
		{1D61C1A1-1B84-4BC4-A16A-08D45A8CCE44}.Release|Any CPU.ActiveCfg = Release|Any CPU
		{1D61C1A1-1B84-4BC4-A16A-08D45A8CCE44}.Release|Any CPU.Build.0 = Release|Any CPU
	EndGlobalSection
	GlobalSection(SolutionProperties) = preSolution
		HideSolutionNode = FALSE
	EndGlobalSection
	GlobalSection(ExtensibilityGlobals) = postSolution
		SolutionGuid = {245B00F7-9AF8-47BE-BDED-8A25552C9197}
	EndGlobalSection
EndGlobal
